{
  "object": {
    "pins": [
      {
        "package": "Async",
        "repositoryURL": "https://github.com/vapor/async.git",
        "state": {
          "branch": "beta",
          "revision": "56996a77c45aea9b8e33628da70028991a98231e",
          "version": null
        }
      },
      {
        "package": "Core",
        "repositoryURL": "https://github.com/vapor/core.git",
        "state": {
          "branch": "beta",
          "revision": "cde7317f7825f9fa1298a14279db7b522f0b83ef",
          "version": null
        }
      }
    ]
  },
  "version": 1
}
