{
  "object": {
    "pins": [
      {
        "package": "Async",
        "repositoryURL": "https://github.com/vapor/async.git",
        "state": {
          "branch": "beta",
          "revision": "e2dec3c2013d5c71e3ebace661344de7d1259b79",
          "version": null
        }
      },
      {
        "package": "Core",
        "repositoryURL": "https://github.com/vapor/core.git",
        "state": {
          "branch": "beta",
          "revision": "d960863febf2e26e32afd0f10539a4476f3636ef",
          "version": null
        }
      }
    ]
  },
  "version": 1
}
