{
  "object": {
    "pins": [
      {
        "package": "Core",
        "repositoryURL": "https://github.com/vapor/core.git",
        "state": {
          "branch": "beta",
          "revision": "a3b29f00fa1cf3a644c24182263791daac0ed219",
          "version": null
        }
      },
      {
        "package": "Debugging",
        "repositoryURL": "https://github.com/vapor/debugging.git",
        "state": {
          "branch": "beta",
          "revision": "89546a5e14fe8224b6c41c0017f1c2dd1d7dbbbc",
          "version": null
        }
      }
    ]
  },
  "version": 1
}
